github.com/itchyny/base58-go v0.0.0-20181013094353-56d50cf40874 h1:3JhJ6n2mhuMGZxDhDpuCVcQWME2lGE0apOwgnQSCmO4=
github.com/itchyny/base58-go v0.0.0-20181013094353-56d50cf40874/go.mod h1:G9kdu70Gj0DoswmeL8R9q8qzgNoVASstuZ2nPQsz540=
github.com/jbenet/go-base58 v0.0.0-20150317085156-6237cf65f3a6 h1:4zOlv2my+vf98jT1nQt4bT/yKWUImevYPJ2H344CloE=
github.com/jbenet/go-base58 v0.0.0-20150317085156-6237cf65f3a6/go.mod h1:r/8JmuR0qjuCiEhAolkfvdZgmPiHTnJaG0UXCSeR1Zo=
github.com/m0t0k1ch1/base58 v0.1.0 h1:E0f+vL30TCJOlMqbl3aeLh8f4GfP/JA9CAeTrMrAB3c=
github.com/m0t0k1ch1/base58 v0.1.0/go.mod h1:puAvmPPDxm5bfemDfVIAG1+uoC35DKCBOqfjWuUi9lk=
github.com/mr-tron/base58 v1.1.0 h1:Y51FGVJ91WBqCEabAi5OPUz38eAx8DakuAm5svLcsfQ=
github.com/mr-tron/base58 v1.1.0/go.mod h1:xcD2VGqlgYjBdcBLw+TuYLr8afG+Hj8g2eTVqeSzSU8=
github.com/shengdoushi/base58 v1.0.0 h1:tGe4o6TmdXFJWoI31VoSWvuaKxf0Px3gqa3sUWhAxBs=
github.com/shengdoushi/base58 v1.0.0/go.mod h1:m5uIILfzcKMw6238iWAhP4l3s5+uXyF3+bJKUNhAL9I=
github.com/tv42/base58 v0.0.0-20150113235651-b6649477bfe6 h1:BMqnmptqYTU/n/7azmNTqQJefP+BQWDBqnS+lDbQR0U=
github.com/tv42/base58 v0.0.0-20150113235651-b6649477bfe6/go.mod h1:KGOYHzodW0iGtYUBmxpiwCsP4681YaqD3B/IJlcDgZo=
